
Microsoft Visual Studio Solution File, Format Version 12.00
# Visual Studio Version 17
VisualStudioVersion = 17.10.35004.147
MinimumVisualStudioVersion = 10.0.40219.1
Project("{FAE04EC0-301F-11D3-BF4B-00C04F79EFBC}") = "B05ASPC22_w01", "B05ASPC22_w01\B05ASPC22_w01.csproj", "{A8DCCFD7-DA7A-41C7-8652-BF1BF75172F6}"
EndProject
Global
	GlobalSection(SolutionConfigurationPlatforms) = preSolution
		Debug|Any CPU = Debug|Any CPU
		Release|Any CPU = Release|Any CPU
	EndGlobalSection
	GlobalSection(ProjectConfigurationPlatforms) = postSolution
		{A8DCCFD7-DA7A-41C7-8652-BF1BF75172F6}.Debug|Any CPU.ActiveCfg = Debug|Any CPU
		{A8DCCFD7-DA7A-41C7-8652-BF1BF75172F6}.Debug|Any CPU.Build.0 = Debug|Any CPU
		{A8DCCFD7-DA7A-41C7-8652-BF1BF75172F6}.Release|Any CPU.ActiveCfg = Release|Any CPU
		{A8DCCFD7-DA7A-41C7-8652-BF1BF75172F6}.Release|Any CPU.Build.0 = Release|Any CPU
	EndGlobalSection
	GlobalSection(SolutionProperties) = preSolution
		HideSolutionNode = FALSE
	EndGlobalSection
	GlobalSection(ExtensibilityGlobals) = postSolution
		SolutionGuid = {DA690C46-A3EE-47BD-97EE-FF10337AA9B0}
	EndGlobalSection
EndGlobal
